
Microsoft Visual Studio Solution File, Format Version 12.00
# Visual Studio 15
VisualStudioVersion = 15.0.26124.0
MinimumVisualStudioVersion = 15.0.26124.0
Project("{FAE04EC0-301F-11D3-BF4B-00C04F79EFBC}") = "ak.companies.api", "ak.companies.api\ak.companies.api.csproj", "{D1D835E6-59EC-414A-A358-EE748C56E227}"
EndProject
Project("{FAE04EC0-301F-11D3-BF4B-00C04F79EFBC}") = "ak.companies.db", "ak.companies.db\ak.companies.db.csproj", "{EBD7F54C-90D7-4220-A38C-E333417906A9}"
EndProject
Project("{FAE04EC0-301F-11D3-BF4B-00C04F79EFBC}") = "ak.companies.models", "ak.companies.models\ak.companies.models.csproj", "{7D1FAD59-82B5-4051-A2A3-9F57A70FD182}"
EndProject
Global
	GlobalSection(SolutionConfigurationPlatforms) = preSolution
		Debug|Any CPU = Debug|Any CPU
		Debug|x64 = Debug|x64
		Debug|x86 = Debug|x86
		Release|Any CPU = Release|Any CPU
		Release|x64 = Release|x64
		Release|x86 = Release|x86
	EndGlobalSection
	GlobalSection(SolutionProperties) = preSolution
		HideSolutionNode = FALSE
	EndGlobalSection
	GlobalSection(ProjectConfigurationPlatforms) = postSolution
		{D1D835E6-59EC-414A-A358-EE748C56E227}.Debug|Any CPU.ActiveCfg = Debug|Any CPU
		{D1D835E6-59EC-414A-A358-EE748C56E227}.Debug|Any CPU.Build.0 = Debug|Any CPU
		{D1D835E6-59EC-414A-A358-EE748C56E227}.Debug|x64.ActiveCfg = Debug|Any CPU
		{D1D835E6-59EC-414A-A358-EE748C56E227}.Debug|x64.Build.0 = Debug|Any CPU
		{D1D835E6-59EC-414A-A358-EE748C56E227}.Debug|x86.ActiveCfg = Debug|Any CPU
		{D1D835E6-59EC-414A-A358-EE748C56E227}.Debug|x86.Build.0 = Debug|Any CPU
		{D1D835E6-59EC-414A-A358-EE748C56E227}.Release|Any CPU.ActiveCfg = Release|Any CPU
		{D1D835E6-59EC-414A-A358-EE748C56E227}.Release|Any CPU.Build.0 = Release|Any CPU
		{D1D835E6-59EC-414A-A358-EE748C56E227}.Release|x64.ActiveCfg = Release|Any CPU
		{D1D835E6-59EC-414A-A358-EE748C56E227}.Release|x64.Build.0 = Release|Any CPU
		{D1D835E6-59EC-414A-A358-EE748C56E227}.Release|x86.ActiveCfg = Release|Any CPU
		{D1D835E6-59EC-414A-A358-EE748C56E227}.Release|x86.Build.0 = Release|Any CPU
		{EBD7F54C-90D7-4220-A38C-E333417906A9}.Debug|Any CPU.ActiveCfg = Debug|Any CPU
		{EBD7F54C-90D7-4220-A38C-E333417906A9}.Debug|Any CPU.Build.0 = Debug|Any CPU
		{EBD7F54C-90D7-4220-A38C-E333417906A9}.Debug|x64.ActiveCfg = Debug|Any CPU
		{EBD7F54C-90D7-4220-A38C-E333417906A9}.Debug|x64.Build.0 = Debug|Any CPU
		{EBD7F54C-90D7-4220-A38C-E333417906A9}.Debug|x86.ActiveCfg = Debug|Any CPU
		{EBD7F54C-90D7-4220-A38C-E333417906A9}.Debug|x86.Build.0 = Debug|Any CPU
		{EBD7F54C-90D7-4220-A38C-E333417906A9}.Release|Any CPU.ActiveCfg = Release|Any CPU
		{EBD7F54C-90D7-4220-A38C-E333417906A9}.Release|Any CPU.Build.0 = Release|Any CPU
		{EBD7F54C-90D7-4220-A38C-E333417906A9}.Release|x64.ActiveCfg = Release|Any CPU
		{EBD7F54C-90D7-4220-A38C-E333417906A9}.Release|x64.Build.0 = Release|Any CPU
		{EBD7F54C-90D7-4220-A38C-E333417906A9}.Release|x86.ActiveCfg = Release|Any CPU
		{EBD7F54C-90D7-4220-A38C-E333417906A9}.Release|x86.Build.0 = Release|Any CPU
		{7D1FAD59-82B5-4051-A2A3-9F57A70FD182}.Debug|Any CPU.ActiveCfg = Debug|Any CPU
		{7D1FAD59-82B5-4051-A2A3-9F57A70FD182}.Debug|Any CPU.Build.0 = Debug|Any CPU
		{7D1FAD59-82B5-4051-A2A3-9F57A70FD182}.Debug|x64.ActiveCfg = Debug|Any CPU
		{7D1FAD59-82B5-4051-A2A3-9F57A70FD182}.Debug|x64.Build.0 = Debug|Any CPU
		{7D1FAD59-82B5-4051-A2A3-9F57A70FD182}.Debug|x86.ActiveCfg = Debug|Any CPU
		{7D1FAD59-82B5-4051-A2A3-9F57A70FD182}.Debug|x86.Build.0 = Debug|Any CPU
		{7D1FAD59-82B5-4051-A2A3-9F57A70FD182}.Release|Any CPU.ActiveCfg = Release|Any CPU
		{7D1FAD59-82B5-4051-A2A3-9F57A70FD182}.Release|Any CPU.Build.0 = Release|Any CPU
		{7D1FAD59-82B5-4051-A2A3-9F57A70FD182}.Release|x64.ActiveCfg = Release|Any CPU
		{7D1FAD59-82B5-4051-A2A3-9F57A70FD182}.Release|x64.Build.0 = Release|Any CPU
		{7D1FAD59-82B5-4051-A2A3-9F57A70FD182}.Release|x86.ActiveCfg = Release|Any CPU
		{7D1FAD59-82B5-4051-A2A3-9F57A70FD182}.Release|x86.Build.0 = Release|Any CPU
	EndGlobalSection
EndGlobal
